PODS:
  - SwiftyCountryPicker (0.1.8)

DEPENDENCIES:
  - SwiftyCountryPicker (from `../`)

EXTERNAL SOURCES:
  SwiftyCountryPicker:
    :path: "../"

SPEC CHECKSUMS:
  SwiftyCountryPicker: 2eafe46d39c9b3042f4cc79e11a33c3d49d12709

PODFILE CHECKSUM: 7798df67ba6121ff488fa6ae09dce226064f2083

COCOAPODS: 1.6.0
